
Microsoft Visual Studio Solution File, Format Version 12.00
# Visual Studio Version 16
VisualStudioVersion = 16.0.32002.261
MinimumVisualStudioVersion = 10.0.40219.1
Project("{8BC9CEB8-8B4A-11D0-8D11-00A0C91BC942}") = "Fibonacci_sum_last_digits", "Fibonacci_sum_last_digits\Fibonacci_sum_last_digits.vcxproj", "{713255DC-E838-4364-9423-829B00555B89}"
EndProject
Global
	GlobalSection(SolutionConfigurationPlatforms) = preSolution
		Debug|x64 = Debug|x64
		Debug|x86 = Debug|x86
		Release|x64 = Release|x64
		Release|x86 = Release|x86
	EndGlobalSection
	GlobalSection(ProjectConfigurationPlatforms) = postSolution
		{713255DC-E838-4364-9423-829B00555B89}.Debug|x64.ActiveCfg = Debug|x64
		{713255DC-E838-4364-9423-829B00555B89}.Debug|x64.Build.0 = Debug|x64
		{713255DC-E838-4364-9423-829B00555B89}.Debug|x86.ActiveCfg = Debug|Win32
		{713255DC-E838-4364-9423-829B00555B89}.Debug|x86.Build.0 = Debug|Win32
		{713255DC-E838-4364-9423-829B00555B89}.Release|x64.ActiveCfg = Release|x64
		{713255DC-E838-4364-9423-829B00555B89}.Release|x64.Build.0 = Release|x64
		{713255DC-E838-4364-9423-829B00555B89}.Release|x86.ActiveCfg = Release|Win32
		{713255DC-E838-4364-9423-829B00555B89}.Release|x86.Build.0 = Release|Win32
	EndGlobalSection
	GlobalSection(SolutionProperties) = preSolution
		HideSolutionNode = FALSE
	EndGlobalSection
	GlobalSection(ExtensibilityGlobals) = postSolution
		SolutionGuid = {C87F6FB5-183F-4FCF-96C0-EB26EE59E7F4}
	EndGlobalSection
EndGlobal
