
Microsoft Visual Studio Solution File, Format Version 12.00
# Visual Studio Version 16
VisualStudioVersion = 16.0.32002.261
MinimumVisualStudioVersion = 10.0.40219.1
Project("{8BC9CEB8-8B4A-11D0-8D11-00A0C91BC942}") = "Budget_allocation", "Budget_allocation\Budget_allocation.vcxproj", "{EB18C666-D734-4ECE-BBA0-DF7AD3DE137B}"
EndProject
Global
	GlobalSection(SolutionConfigurationPlatforms) = preSolution
		Debug|x64 = Debug|x64
		Debug|x86 = Debug|x86
		Release|x64 = Release|x64
		Release|x86 = Release|x86
	EndGlobalSection
	GlobalSection(ProjectConfigurationPlatforms) = postSolution
		{EB18C666-D734-4ECE-BBA0-DF7AD3DE137B}.Debug|x64.ActiveCfg = Debug|x64
		{EB18C666-D734-4ECE-BBA0-DF7AD3DE137B}.Debug|x64.Build.0 = Debug|x64
		{EB18C666-D734-4ECE-BBA0-DF7AD3DE137B}.Debug|x86.ActiveCfg = Debug|Win32
		{EB18C666-D734-4ECE-BBA0-DF7AD3DE137B}.Debug|x86.Build.0 = Debug|Win32
		{EB18C666-D734-4ECE-BBA0-DF7AD3DE137B}.Release|x64.ActiveCfg = Release|x64
		{EB18C666-D734-4ECE-BBA0-DF7AD3DE137B}.Release|x64.Build.0 = Release|x64
		{EB18C666-D734-4ECE-BBA0-DF7AD3DE137B}.Release|x86.ActiveCfg = Release|Win32
		{EB18C666-D734-4ECE-BBA0-DF7AD3DE137B}.Release|x86.Build.0 = Release|Win32
	EndGlobalSection
	GlobalSection(SolutionProperties) = preSolution
		HideSolutionNode = FALSE
	EndGlobalSection
	GlobalSection(ExtensibilityGlobals) = postSolution
		SolutionGuid = {E8971F32-1EEF-4C1C-AC93-D0CE8CD26D6A}
	EndGlobalSection
EndGlobal
